
Microsoft Visual Studio Solution File, Format Version 12.00
# Visual Studio Version 17
VisualStudioVersion = 17.0.31903.59
MinimumVisualStudioVersion = 10.0.40219.1
Project("{FAE04EC0-301F-11D3-BF4B-00C04F79EFBC}") = "Verdelak.Api", "Verdelak.Api\Verdelak.Api.csproj", "{44B8DCB2-55CB-4022-8D15-06BCB6D2AD64}"
EndProject
Project("{FAE04EC0-301F-11D3-BF4B-00C04F79EFBC}") = "VerdelakCDSite", "VerdelakCDSite\VerdelakCDSite.csproj", "{10C7AD4C-2F24-4AF6-A236-C92CDBC4BFED}"
EndProject
Project("{E24C65DC-7377-472B-9ABA-BC803B73C61A}") = "Verdelak.Angular", "Verdelak.Angular\", "{5AFF7015-4CC3-452C-8485-867958146495}"
	ProjectSection(WebsiteProperties) = preProject
		TargetFrameworkMoniker = ".NETFramework,Version%3Dv4.8"
		Debug.AspNetCompiler.VirtualPath = "/localhost_50719"
		Debug.AspNetCompiler.PhysicalPath = "Verdelak.Angular\"
		Debug.AspNetCompiler.TargetPath = "PrecompiledWeb\localhost_50719\"
		Debug.AspNetCompiler.Updateable = "true"
		Debug.AspNetCompiler.ForceOverwrite = "true"
		Debug.AspNetCompiler.FixedNames = "false"
		Debug.AspNetCompiler.Debug = "True"
		Release.AspNetCompiler.VirtualPath = "/localhost_50719"
		Release.AspNetCompiler.PhysicalPath = "Verdelak.Angular\"
		Release.AspNetCompiler.TargetPath = "PrecompiledWeb\localhost_50719\"
		Release.AspNetCompiler.Updateable = "true"
		Release.AspNetCompiler.ForceOverwrite = "true"
		Release.AspNetCompiler.FixedNames = "false"
		Release.AspNetCompiler.Debug = "False"
		VWDPort = "50719"
		SlnRelativePath = "Verdelak.Angular\"
	EndProjectSection
EndProject
Global
	GlobalSection(SolutionConfigurationPlatforms) = preSolution
		Debug|Any CPU = Debug|Any CPU
		Debug|x64 = Debug|x64
		Debug|x86 = Debug|x86
		Release|Any CPU = Release|Any CPU
		Release|x64 = Release|x64
		Release|x86 = Release|x86
	EndGlobalSection
	GlobalSection(ProjectConfigurationPlatforms) = postSolution
		{44B8DCB2-55CB-4022-8D15-06BCB6D2AD64}.Debug|Any CPU.ActiveCfg = Debug|Any CPU
		{44B8DCB2-55CB-4022-8D15-06BCB6D2AD64}.Debug|Any CPU.Build.0 = Debug|Any CPU
		{44B8DCB2-55CB-4022-8D15-06BCB6D2AD64}.Debug|x64.ActiveCfg = Debug|Any CPU
		{44B8DCB2-55CB-4022-8D15-06BCB6D2AD64}.Debug|x64.Build.0 = Debug|Any CPU
		{44B8DCB2-55CB-4022-8D15-06BCB6D2AD64}.Debug|x86.ActiveCfg = Debug|Any CPU
		{44B8DCB2-55CB-4022-8D15-06BCB6D2AD64}.Debug|x86.Build.0 = Debug|Any CPU
		{44B8DCB2-55CB-4022-8D15-06BCB6D2AD64}.Release|Any CPU.ActiveCfg = Release|Any CPU
		{44B8DCB2-55CB-4022-8D15-06BCB6D2AD64}.Release|Any CPU.Build.0 = Release|Any CPU
		{44B8DCB2-55CB-4022-8D15-06BCB6D2AD64}.Release|x64.ActiveCfg = Release|Any CPU
		{44B8DCB2-55CB-4022-8D15-06BCB6D2AD64}.Release|x64.Build.0 = Release|Any CPU
		{44B8DCB2-55CB-4022-8D15-06BCB6D2AD64}.Release|x86.ActiveCfg = Release|Any CPU
		{44B8DCB2-55CB-4022-8D15-06BCB6D2AD64}.Release|x86.Build.0 = Release|Any CPU
		{10C7AD4C-2F24-4AF6-A236-C92CDBC4BFED}.Debug|Any CPU.ActiveCfg = Debug|Any CPU
		{10C7AD4C-2F24-4AF6-A236-C92CDBC4BFED}.Debug|Any CPU.Build.0 = Debug|Any CPU
		{10C7AD4C-2F24-4AF6-A236-C92CDBC4BFED}.Debug|x64.ActiveCfg = Debug|Any CPU
		{10C7AD4C-2F24-4AF6-A236-C92CDBC4BFED}.Debug|x64.Build.0 = Debug|Any CPU
		{10C7AD4C-2F24-4AF6-A236-C92CDBC4BFED}.Debug|x86.ActiveCfg = Debug|Any CPU
		{10C7AD4C-2F24-4AF6-A236-C92CDBC4BFED}.Debug|x86.Build.0 = Debug|Any CPU
		{10C7AD4C-2F24-4AF6-A236-C92CDBC4BFED}.Release|Any CPU.ActiveCfg = Release|Any CPU
		{10C7AD4C-2F24-4AF6-A236-C92CDBC4BFED}.Release|Any CPU.Build.0 = Release|Any CPU
		{10C7AD4C-2F24-4AF6-A236-C92CDBC4BFED}.Release|x64.ActiveCfg = Release|Any CPU
		{10C7AD4C-2F24-4AF6-A236-C92CDBC4BFED}.Release|x64.Build.0 = Release|Any CPU
		{10C7AD4C-2F24-4AF6-A236-C92CDBC4BFED}.Release|x86.ActiveCfg = Release|Any CPU
		{10C7AD4C-2F24-4AF6-A236-C92CDBC4BFED}.Release|x86.Build.0 = Release|Any CPU
	EndGlobalSection
	GlobalSection(SolutionProperties) = preSolution
		HideSolutionNode = FALSE
	EndGlobalSection
EndGlobal
